
Microsoft Visual Studio Solution File, Format Version 12.00
# Visual Studio Version 16
VisualStudioVersion = 16.0.30225.117
MinimumVisualStudioVersion = 10.0.40219.1
Project("{FAE04EC0-301F-11D3-BF4B-00C04F79EFBC}") = "ArtistsConnectionsFramework", "ArtistsConnectionsFramework.csproj", "{D24E68C3-C9F7-4BF4-AD6C-44D8D361FC50}"
EndProject
Global
	GlobalSection(SolutionConfigurationPlatforms) = preSolution
		Debug|Any CPU = Debug|Any CPU
		Release|Any CPU = Release|Any CPU
	EndGlobalSection
	GlobalSection(ProjectConfigurationPlatforms) = postSolution
		{D24E68C3-C9F7-4BF4-AD6C-44D8D361FC50}.Debug|Any CPU.ActiveCfg = Debug|Any CPU
		{D24E68C3-C9F7-4BF4-AD6C-44D8D361FC50}.Debug|Any CPU.Build.0 = Debug|Any CPU
		{D24E68C3-C9F7-4BF4-AD6C-44D8D361FC50}.Release|Any CPU.ActiveCfg = Release|Any CPU
		{D24E68C3-C9F7-4BF4-AD6C-44D8D361FC50}.Release|Any CPU.Build.0 = Release|Any CPU
	EndGlobalSection
	GlobalSection(SolutionProperties) = preSolution
		HideSolutionNode = FALSE
	EndGlobalSection
	GlobalSection(ExtensibilityGlobals) = postSolution
		SolutionGuid = {5278AC37-45FD-443D-82C6-FFB1E08E0632}
	EndGlobalSection
EndGlobal
